
Microsoft Visual Studio Solution File, Format Version 12.00
# Visual Studio Version 16
VisualStudioVersion = 16.0.31624.102
MinimumVisualStudioVersion = 10.0.40219.1
Project("{FAE04EC0-301F-11D3-BF4B-00C04F79EFBC}") = "QuickHomeTest", "QuickHomeTest\QuickHomeTest.csproj", "{4042F14D-91CF-421E-9FDF-D30125DD4942}"
EndProject
Global
	GlobalSection(SolutionConfigurationPlatforms) = preSolution
		Debug|Any CPU = Debug|Any CPU
		Release|Any CPU = Release|Any CPU
	EndGlobalSection
	GlobalSection(ProjectConfigurationPlatforms) = postSolution
		{4042F14D-91CF-421E-9FDF-D30125DD4942}.Debug|Any CPU.ActiveCfg = Debug|Any CPU
		{4042F14D-91CF-421E-9FDF-D30125DD4942}.Debug|Any CPU.Build.0 = Debug|Any CPU
		{4042F14D-91CF-421E-9FDF-D30125DD4942}.Release|Any CPU.ActiveCfg = Release|Any CPU
		{4042F14D-91CF-421E-9FDF-D30125DD4942}.Release|Any CPU.Build.0 = Release|Any CPU
	EndGlobalSection
	GlobalSection(SolutionProperties) = preSolution
		HideSolutionNode = FALSE
	EndGlobalSection
	GlobalSection(ExtensibilityGlobals) = postSolution
		SolutionGuid = {4220D0A9-E3CF-431F-AC30-76FAF308C3B2}
	EndGlobalSection
EndGlobal
